
Microsoft Visual Studio Solution File, Format Version 12.00
# Visual Studio Version 17
VisualStudioVersion = 17.0.31903.59
MinimumVisualStudioVersion = 10.0.40219.1
Project("{9A19103F-16F7-4668-BE54-9A1E7A4F7556}") = "AOC2019", "AOC2019\AOC2019.csproj", "{EFA9FC3A-12CD-4E6C-8A77-201388921AD2}"
EndProject
Project("{9A19103F-16F7-4668-BE54-9A1E7A4F7556}") = "Common", "Common\Common.csproj", "{72FD0AD9-6C98-494B-87DC-BC8C984C8F8D}"
EndProject
Project("{2150E333-8FDC-42A3-9474-1A3956D46DE8}") = "Solution Items", "Solution Items", "{B92121A3-B183-4F1D-B282-A3DB975A29C9}"
	ProjectSection(SolutionItems) = preProject
		.gitignore = .gitignore
	EndProjectSection
EndProject
Project("{9A19103F-16F7-4668-BE54-9A1E7A4F7556}") = "Common.Test", "Common.Test\Common.Test.csproj", "{BF6C1DDC-4A09-4F93-8EB5-62B3E40B6623}"
EndProject
Project("{9A19103F-16F7-4668-BE54-9A1E7A4F7556}") = "AOC2020", "AOC2020\AOC2020.csproj", "{069FC77F-5FFD-4D50-BCBD-95B0D13A362D}"
EndProject
Project("{D954291E-2A0B-460D-934E-DC6B0785DB48}") = "CommonShared", "CommonShared\CommonShared.shproj", "{10F0BC8D-1987-483C-A9DF-B9E0FAF174AD}"
EndProject
Project("{9A19103F-16F7-4668-BE54-9A1E7A4F7556}") = "AdventOfCodeRunner", "AdventOfCodeRunner\AdventOfCodeRunner.csproj", "{AE0CD23E-2E65-4FF2-860E-E9047A7431E3}"
EndProject
Project("{FAE04EC0-301F-11D3-BF4B-00C04F79EFBC}") = "AOC2021", "AOC2021\AOC2021.csproj", "{C19F43C9-9557-424B-B9E7-50C21E1550CE}"
EndProject
Global
	GlobalSection(SharedMSBuildProjectFiles) = preSolution
		CommonShared\CommonShared.projitems*{069fc77f-5ffd-4d50-bcbd-95b0d13a362d}*SharedItemsImports = 5
		CommonShared\CommonShared.projitems*{10f0bc8d-1987-483c-a9df-b9e0faf174ad}*SharedItemsImports = 13
		CommonShared\CommonShared.projitems*{c19f43c9-9557-424b-b9e7-50c21e1550ce}*SharedItemsImports = 5
		CommonShared\CommonShared.projitems*{efa9fc3a-12cd-4e6c-8a77-201388921ad2}*SharedItemsImports = 5
	EndGlobalSection
	GlobalSection(SolutionConfigurationPlatforms) = preSolution
		Debug|Any CPU = Debug|Any CPU
		Release|Any CPU = Release|Any CPU
	EndGlobalSection
	GlobalSection(ProjectConfigurationPlatforms) = postSolution
		{EFA9FC3A-12CD-4E6C-8A77-201388921AD2}.Debug|Any CPU.ActiveCfg = Debug|Any CPU
		{EFA9FC3A-12CD-4E6C-8A77-201388921AD2}.Debug|Any CPU.Build.0 = Debug|Any CPU
		{EFA9FC3A-12CD-4E6C-8A77-201388921AD2}.Release|Any CPU.ActiveCfg = Release|Any CPU
		{EFA9FC3A-12CD-4E6C-8A77-201388921AD2}.Release|Any CPU.Build.0 = Release|Any CPU
		{72FD0AD9-6C98-494B-87DC-BC8C984C8F8D}.Debug|Any CPU.ActiveCfg = Debug|Any CPU
		{72FD0AD9-6C98-494B-87DC-BC8C984C8F8D}.Debug|Any CPU.Build.0 = Debug|Any CPU
		{72FD0AD9-6C98-494B-87DC-BC8C984C8F8D}.Release|Any CPU.ActiveCfg = Release|Any CPU
		{72FD0AD9-6C98-494B-87DC-BC8C984C8F8D}.Release|Any CPU.Build.0 = Release|Any CPU
		{BF6C1DDC-4A09-4F93-8EB5-62B3E40B6623}.Debug|Any CPU.ActiveCfg = Debug|Any CPU
		{BF6C1DDC-4A09-4F93-8EB5-62B3E40B6623}.Debug|Any CPU.Build.0 = Debug|Any CPU
		{BF6C1DDC-4A09-4F93-8EB5-62B3E40B6623}.Release|Any CPU.ActiveCfg = Release|Any CPU
		{BF6C1DDC-4A09-4F93-8EB5-62B3E40B6623}.Release|Any CPU.Build.0 = Release|Any CPU
		{069FC77F-5FFD-4D50-BCBD-95B0D13A362D}.Debug|Any CPU.ActiveCfg = Debug|Any CPU
		{069FC77F-5FFD-4D50-BCBD-95B0D13A362D}.Debug|Any CPU.Build.0 = Debug|Any CPU
		{069FC77F-5FFD-4D50-BCBD-95B0D13A362D}.Release|Any CPU.ActiveCfg = Release|Any CPU
		{069FC77F-5FFD-4D50-BCBD-95B0D13A362D}.Release|Any CPU.Build.0 = Release|Any CPU
		{AE0CD23E-2E65-4FF2-860E-E9047A7431E3}.Debug|Any CPU.ActiveCfg = Debug|Any CPU
		{AE0CD23E-2E65-4FF2-860E-E9047A7431E3}.Debug|Any CPU.Build.0 = Debug|Any CPU
		{AE0CD23E-2E65-4FF2-860E-E9047A7431E3}.Release|Any CPU.ActiveCfg = Release|Any CPU
		{AE0CD23E-2E65-4FF2-860E-E9047A7431E3}.Release|Any CPU.Build.0 = Release|Any CPU
		{C19F43C9-9557-424B-B9E7-50C21E1550CE}.Debug|Any CPU.ActiveCfg = Debug|Any CPU
		{C19F43C9-9557-424B-B9E7-50C21E1550CE}.Debug|Any CPU.Build.0 = Debug|Any CPU
		{C19F43C9-9557-424B-B9E7-50C21E1550CE}.Release|Any CPU.ActiveCfg = Release|Any CPU
		{C19F43C9-9557-424B-B9E7-50C21E1550CE}.Release|Any CPU.Build.0 = Release|Any CPU
	EndGlobalSection
	GlobalSection(SolutionProperties) = preSolution
		HideSolutionNode = FALSE
	EndGlobalSection
	GlobalSection(ExtensibilityGlobals) = postSolution
		SolutionGuid = {8115797F-DF1F-481E-AA50-E51A165C42C6}
	EndGlobalSection
EndGlobal
